
Microsoft Visual Studio Solution File, Format Version 12.00
# Visual Studio Version 17
VisualStudioVersion = 17.11.35327.3
MinimumVisualStudioVersion = 10.0.40219.1
Project("{FAE04EC0-301F-11D3-BF4B-00C04F79EFBC}") = "Task_1", "Task_1\Task_1.csproj", "{C5D4F301-E4C1-46C5-93ED-EC3D89EAF090}"
EndProject
Global
	GlobalSection(SolutionConfigurationPlatforms) = preSolution
		Debug|Any CPU = Debug|Any CPU
		Release|Any CPU = Release|Any CPU
	EndGlobalSection
	GlobalSection(ProjectConfigurationPlatforms) = postSolution
		{C5D4F301-E4C1-46C5-93ED-EC3D89EAF090}.Debug|Any CPU.ActiveCfg = Debug|Any CPU
		{C5D4F301-E4C1-46C5-93ED-EC3D89EAF090}.Debug|Any CPU.Build.0 = Debug|Any CPU
		{C5D4F301-E4C1-46C5-93ED-EC3D89EAF090}.Release|Any CPU.ActiveCfg = Release|Any CPU
		{C5D4F301-E4C1-46C5-93ED-EC3D89EAF090}.Release|Any CPU.Build.0 = Release|Any CPU
	EndGlobalSection
	GlobalSection(SolutionProperties) = preSolution
		HideSolutionNode = FALSE
	EndGlobalSection
	GlobalSection(ExtensibilityGlobals) = postSolution
		SolutionGuid = {A9492521-9050-41CA-8315-0180C2580F8E}
	EndGlobalSection
EndGlobal
